
Microsoft Visual Studio Solution File, Format Version 12.00
# Visual Studio 2012
Project("{FAE04EC0-301F-11D3-BF4B-00C04F79EFBC}") = "Лицензатор ФАНЗ", "Лицензатор ФАНЗ\Лицензатор ФАНЗ.csproj", "{EE35B311-86F8-411C-A83B-F51E6F3EEAF5}"
EndProject
Global
	GlobalSection(SolutionConfigurationPlatforms) = preSolution
		Debug|Any CPU = Debug|Any CPU
		Release|Any CPU = Release|Any CPU
	EndGlobalSection
	GlobalSection(ProjectConfigurationPlatforms) = postSolution
		{EE35B311-86F8-411C-A83B-F51E6F3EEAF5}.Debug|Any CPU.ActiveCfg = Debug|Any CPU
		{EE35B311-86F8-411C-A83B-F51E6F3EEAF5}.Debug|Any CPU.Build.0 = Debug|Any CPU
		{EE35B311-86F8-411C-A83B-F51E6F3EEAF5}.Release|Any CPU.ActiveCfg = Release|Any CPU
		{EE35B311-86F8-411C-A83B-F51E6F3EEAF5}.Release|Any CPU.Build.0 = Release|Any CPU
	EndGlobalSection
	GlobalSection(SolutionProperties) = preSolution
		HideSolutionNode = FALSE
	EndGlobalSection
EndGlobal
